
Microsoft Visual Studio Solution File, Format Version 12.00
# Visual Studio Version 16
VisualStudioVersion = 16.0.30309.148
MinimumVisualStudioVersion = 10.0.40219.1
Project("{FAE04EC0-301F-11D3-BF4B-00C04F79EFBC}") = "CraftyClicks.Core", "CraftyClicks.Core\CraftyClicks.Core\CraftyClicks.Core.csproj", "{A1F3BB03-AD12-4B2E-AA42-B2D88BAE4ADE}"
EndProject
Project("{FAE04EC0-301F-11D3-BF4B-00C04F79EFBC}") = "CraftyClicks.Sample", "CraftyClicks.Core\CraftyClicks.Sample\CraftyClicks.Sample\CraftyClicks.Sample.csproj", "{541608CC-610C-450D-B3C9-DE439EED88B6}"
EndProject
Global
	GlobalSection(SolutionConfigurationPlatforms) = preSolution
		Debug|Any CPU = Debug|Any CPU
		Release|Any CPU = Release|Any CPU
	EndGlobalSection
	GlobalSection(ProjectConfigurationPlatforms) = postSolution
		{A1F3BB03-AD12-4B2E-AA42-B2D88BAE4ADE}.Debug|Any CPU.ActiveCfg = Debug|Any CPU
		{A1F3BB03-AD12-4B2E-AA42-B2D88BAE4ADE}.Debug|Any CPU.Build.0 = Debug|Any CPU
		{A1F3BB03-AD12-4B2E-AA42-B2D88BAE4ADE}.Release|Any CPU.ActiveCfg = Release|Any CPU
		{A1F3BB03-AD12-4B2E-AA42-B2D88BAE4ADE}.Release|Any CPU.Build.0 = Release|Any CPU
		{541608CC-610C-450D-B3C9-DE439EED88B6}.Debug|Any CPU.ActiveCfg = Debug|Any CPU
		{541608CC-610C-450D-B3C9-DE439EED88B6}.Debug|Any CPU.Build.0 = Debug|Any CPU
		{541608CC-610C-450D-B3C9-DE439EED88B6}.Release|Any CPU.ActiveCfg = Release|Any CPU
		{541608CC-610C-450D-B3C9-DE439EED88B6}.Release|Any CPU.Build.0 = Release|Any CPU
	EndGlobalSection
	GlobalSection(SolutionProperties) = preSolution
		HideSolutionNode = FALSE
	EndGlobalSection
	GlobalSection(ExtensibilityGlobals) = postSolution
		SolutionGuid = {3480DA7F-B41E-481B-A562-B503E531A874}
	EndGlobalSection
EndGlobal
