
Microsoft Visual Studio Solution File, Format Version 12.00
# Visual Studio 15
VisualStudioVersion = 15.0.26730.16
MinimumVisualStudioVersion = 10.0.40219.1
Project("{FAE04EC0-301F-11D3-BF4B-00C04F79EFBC}") = "CraftyClicksPostCodeApi", "CraftyClicksPostCodeApi.csproj", "{9BDAB2DA-57F9-4EFC-9120-04EAE0CCCEA1}"
EndProject
Project("{FAE04EC0-301F-11D3-BF4B-00C04F79EFBC}") = "CraftyClicksExampleApp", "exampleapp\CraftClicksExampleApp\ConsoleApp1\CraftyClicksExampleApp.csproj", "{9F83058B-0EBE-4546-915C-B19A7562E2AB}"
EndProject
Global
	GlobalSection(SolutionConfigurationPlatforms) = preSolution
		Debug|Any CPU = Debug|Any CPU
		Release|Any CPU = Release|Any CPU
	EndGlobalSection
	GlobalSection(ProjectConfigurationPlatforms) = postSolution
		{9BDAB2DA-57F9-4EFC-9120-04EAE0CCCEA1}.Debug|Any CPU.ActiveCfg = Debug|Any CPU
		{9BDAB2DA-57F9-4EFC-9120-04EAE0CCCEA1}.Debug|Any CPU.Build.0 = Debug|Any CPU
		{9BDAB2DA-57F9-4EFC-9120-04EAE0CCCEA1}.Release|Any CPU.ActiveCfg = Release|Any CPU
		{9BDAB2DA-57F9-4EFC-9120-04EAE0CCCEA1}.Release|Any CPU.Build.0 = Release|Any CPU
		{9F83058B-0EBE-4546-915C-B19A7562E2AB}.Debug|Any CPU.ActiveCfg = Debug|Any CPU
		{9F83058B-0EBE-4546-915C-B19A7562E2AB}.Debug|Any CPU.Build.0 = Debug|Any CPU
		{9F83058B-0EBE-4546-915C-B19A7562E2AB}.Release|Any CPU.ActiveCfg = Release|Any CPU
		{9F83058B-0EBE-4546-915C-B19A7562E2AB}.Release|Any CPU.Build.0 = Release|Any CPU
	EndGlobalSection
	GlobalSection(SolutionProperties) = preSolution
		HideSolutionNode = FALSE
	EndGlobalSection
	GlobalSection(ExtensibilityGlobals) = postSolution
		SolutionGuid = {3480DA7F-B41E-481B-A562-B503E531A874}
	EndGlobalSection
EndGlobal
